
Microsoft Visual Studio Solution File, Format Version 12.00
# Visual Studio Version 17
VisualStudioVersion = 17.4.33122.133
MinimumVisualStudioVersion = 10.0.40219.1
Project("{FAE04EC0-301F-11D3-BF4B-00C04F79EFBC}") = "APIStockVin", "APIStockVin.csproj", "{1E5B3153-125C-463D-944C-AAE83A428942}"
EndProject
Global
	GlobalSection(SolutionConfigurationPlatforms) = preSolution
		Debug|Any CPU = Debug|Any CPU
		Release|Any CPU = Release|Any CPU
	EndGlobalSection
	GlobalSection(ProjectConfigurationPlatforms) = postSolution
		{1E5B3153-125C-463D-944C-AAE83A428942}.Debug|Any CPU.ActiveCfg = Debug|Any CPU
		{1E5B3153-125C-463D-944C-AAE83A428942}.Debug|Any CPU.Build.0 = Debug|Any CPU
		{1E5B3153-125C-463D-944C-AAE83A428942}.Release|Any CPU.ActiveCfg = Release|Any CPU
		{1E5B3153-125C-463D-944C-AAE83A428942}.Release|Any CPU.Build.0 = Release|Any CPU
	EndGlobalSection
	GlobalSection(SolutionProperties) = preSolution
		HideSolutionNode = FALSE
	EndGlobalSection
	GlobalSection(ExtensibilityGlobals) = postSolution
		SolutionGuid = {8704BD29-3D58-42CB-924D-7356283F1667}
	EndGlobalSection
EndGlobal
