
Microsoft Visual Studio Solution File, Format Version 12.00
# Visual Studio Version 17
VisualStudioVersion = 17.4.33103.184
MinimumVisualStudioVersion = 10.0.40219.1
Project("{FAE04EC0-301F-11D3-BF4B-00C04F79EFBC}") = "ProjetStive", "ProjetStive.csproj", "{234AD7BF-9523-4363-AFF1-0B6AA1C52FFF}"
EndProject
Global
	GlobalSection(SolutionConfigurationPlatforms) = preSolution
		Debug|Any CPU = Debug|Any CPU
		Release|Any CPU = Release|Any CPU
	EndGlobalSection
	GlobalSection(ProjectConfigurationPlatforms) = postSolution
		{234AD7BF-9523-4363-AFF1-0B6AA1C52FFF}.Debug|Any CPU.ActiveCfg = Debug|Any CPU
		{234AD7BF-9523-4363-AFF1-0B6AA1C52FFF}.Debug|Any CPU.Build.0 = Debug|Any CPU
		{234AD7BF-9523-4363-AFF1-0B6AA1C52FFF}.Release|Any CPU.ActiveCfg = Release|Any CPU
		{234AD7BF-9523-4363-AFF1-0B6AA1C52FFF}.Release|Any CPU.Build.0 = Release|Any CPU
	EndGlobalSection
	GlobalSection(SolutionProperties) = preSolution
		HideSolutionNode = FALSE
	EndGlobalSection
	GlobalSection(ExtensibilityGlobals) = postSolution
		SolutionGuid = {CFA496AB-1AF5-44F1-9BF4-E8D9D9E6FD0A}
	EndGlobalSection
EndGlobal
